// !$*UTF8*$!
{
	archiveVersion = 1;
	classes = {
	};
	objectVersion = 50;
	objects = {

/* Begin PBXBuildFile section */
		6D03A0F2255B622F0027C1A4 /* AppDelegate.swift in Sources */ = {isa = PBXBuildFile; fileRef = 6D03A0F1255B622F0027C1A4 /* AppDelegate.swift */; };
		6D03A0F4255B622F0027C1A4 /* SceneDelegate.swift in Sources */ = {isa = PBXBuildFile; fileRef = 6D03A0F3255B622F0027C1A4 /* SceneDelegate.swift */; };
		6D03A0FB255B62300027C1A4 /* Assets.xcassets in Resources */ = {isa = PBXBuildFile; fileRef = 6D03A0FA255B62300027C1A4 /* Assets.xcassets */; };
		6D03A0FE255B62300027C1A4 /* LaunchScreen.storyboard in Resources */ = {isa = PBXBuildFile; fileRef = 6D03A0FC255B62300027C1A4 /* LaunchScreen.storyboard */; };
		6D03A109255B62300027C1A4 /* RedditorTests.swift in Sources */ = {isa = PBXBuildFile; fileRef = 6D03A108255B62300027C1A4 /* RedditorTests.swift */; };
		6D03A114255B62300027C1A4 /* RedditorUITests.swift in Sources */ = {isa = PBXBuildFile; fileRef = 6D03A113255B62300027C1A4 /* RedditorUITests.swift */; };
		6D03A12C255B62D00027C1A4 /* ListViewController.swift in Sources */ = {isa = PBXBuildFile; fileRef = 6D03A12B255B62D00027C1A4 /* ListViewController.swift */; };
		6D03A131255B632B0027C1A4 /* PostsTableViewController.swift in Sources */ = {isa = PBXBuildFile; fileRef = 6D03A130255B632B0027C1A4 /* PostsTableViewController.swift */; };
		6D03A136255B63570027C1A4 /* DrawerViewController.swift in Sources */ = {isa = PBXBuildFile; fileRef = 6D03A135255B63570027C1A4 /* DrawerViewController.swift */; };
		6D03A13C255B64C90027C1A4 /* Models.swift in Sources */ = {isa = PBXBuildFile; fileRef = 6D03A13B255B64C90027C1A4 /* Models.swift */; };
		6D03A142255B65980027C1A4 /* Client.swift in Sources */ = {isa = PBXBuildFile; fileRef = 6D03A141255B65980027C1A4 /* Client.swift */; };
		6D3B9C582563F5DA00E42626 /* UIViewControllerExtension.swift in Sources */ = {isa = PBXBuildFile; fileRef = 6D3B9C572563F5DA00E42626 /* UIViewControllerExtension.swift */; };
		6DCE263625673F5C002AEA60 /* DrawerLogicTests.swift in Sources */ = {isa = PBXBuildFile; fileRef = 6DCE263525673F5C002AEA60 /* DrawerLogicTests.swift */; };
		6DCE263B256743B0002AEA60 /* PostsVCTests.swift in Sources */ = {isa = PBXBuildFile; fileRef = 6DCE263A256743B0002AEA60 /* PostsVCTests.swift */; };
/* End PBXBuildFile section */

/* Begin PBXContainerItemProxy section */
		6D03A105255B62300027C1A4 /* PBXContainerItemProxy */ = {
			isa = PBXContainerItemProxy;
			containerPortal = 6D03A0E6255B622F0027C1A4 /* Project object */;
			proxyType = 1;
			remoteGlobalIDString = 6D03A0ED255B622F0027C1A4;
			remoteInfo = Redditor;
		};
		6D03A110255B62300027C1A4 /* PBXContainerItemProxy */ = {
			isa = PBXContainerItemProxy;
			containerPortal = 6D03A0E6255B622F0027C1A4 /* Project object */;
			proxyType = 1;
			remoteGlobalIDString = 6D03A0ED255B622F0027C1A4;
			remoteInfo = Redditor;
		};
/* End PBXContainerItemProxy section */

/* Begin PBXFileReference section */
		6D03A0EE255B622F0027C1A4 /* Redditor.app */ = {isa = PBXFileReference; explicitFileType = wrapper.application; includeInIndex = 0; path = Redditor.app; sourceTree = BUILT_PRODUCTS_DIR; };
		6D03A0F1255B622F0027C1A4 /* AppDelegate.swift */ = {isa = PBXFileReference; lastKnownFileType = sourcecode.swift; path = AppDelegate.swift; sourceTree = "<group>"; };
		6D03A0F3255B622F0027C1A4 /* SceneDelegate.swift */ = {isa = PBXFileReference; lastKnownFileType = sourcecode.swift; path = SceneDelegate.swift; sourceTree = "<group>"; };
		6D03A0FA255B62300027C1A4 /* Assets.xcassets */ = {isa = PBXFileReference; lastKnownFileType = folder.assetcatalog; path = Assets.xcassets; sourceTree = "<group>"; };
		6D03A0FD255B62300027C1A4 /* Base */ = {isa = PBXFileReference; lastKnownFileType = file.storyboard; name = Base; path = Base.lproj/LaunchScreen.storyboard; sourceTree = "<group>"; };
		6D03A0FF255B62300027C1A4 /* Info.plist */ = {isa = PBXFileReference; lastKnownFileType = text.plist.xml; path = Info.plist; sourceTree = "<group>"; };
		6D03A104255B62300027C1A4 /* RedditorTests.xctest */ = {isa = PBXFileReference; explicitFileType = wrapper.cfbundle; includeInIndex = 0; path = RedditorTests.xctest; sourceTree = BUILT_PRODUCTS_DIR; };
		6D03A108255B62300027C1A4 /* RedditorTests.swift */ = {isa = PBXFileReference; lastKnownFileType = sourcecode.swift; path = RedditorTests.swift; sourceTree = "<group>"; };
		6D03A10A255B62300027C1A4 /* Info.plist */ = {isa = PBXFileReference; lastKnownFileType = text.plist.xml; path = Info.plist; sourceTree = "<group>"; };
		6D03A10F255B62300027C1A4 /* RedditorUITests.xctest */ = {isa = PBXFileReference; explicitFileType = wrapper.cfbundle; includeInIndex = 0; path = RedditorUITests.xctest; sourceTree = BUILT_PRODUCTS_DIR; };
		6D03A113255B62300027C1A4 /* RedditorUITests.swift */ = {isa = PBXFileReference; lastKnownFileType = sourcecode.swift; path = RedditorUITests.swift; sourceTree = "<group>"; };
		6D03A115255B62300027C1A4 /* Info.plist */ = {isa = PBXFileReference; lastKnownFileType = text.plist.xml; path = Info.plist; sourceTree = "<group>"; };
		6D03A12B255B62D00027C1A4 /* ListViewController.swift */ = {isa = PBXFileReference; lastKnownFileType = sourcecode.swift; path = ListViewController.swift; sourceTree = "<group>"; };
		6D03A130255B632B0027C1A4 /* PostsTableViewController.swift */ = {isa = PBXFileReference; lastKnownFileType = sourcecode.swift; path = PostsTableViewController.swift; sourceTree = "<group>"; };
		6D03A135255B63570027C1A4 /* DrawerViewController.swift */ = {isa = PBXFileReference; lastKnownFileType = sourcecode.swift; path = DrawerViewController.swift; sourceTree = "<group>"; };
		6D03A13B255B64C90027C1A4 /* Models.swift */ = {isa = PBXFileReference; lastKnownFileType = sourcecode.swift; path = Models.swift; sourceTree = "<group>"; };
		6D03A141255B65980027C1A4 /* Client.swift */ = {isa = PBXFileReference; lastKnownFileType = sourcecode.swift; path = Client.swift; sourceTree = "<group>"; };
		6D3B9C572563F5DA00E42626 /* UIViewControllerExtension.swift */ = {isa = PBXFileReference; lastKnownFileType = sourcecode.swift; path = UIViewControllerExtension.swift; sourceTree = "<group>"; };
		6DCE263525673F5C002AEA60 /* DrawerLogicTests.swift */ = {isa = PBXFileReference; lastKnownFileType = sourcecode.swift; path = DrawerLogicTests.swift; sourceTree = "<group>"; };
		6DCE263A256743B0002AEA60 /* PostsVCTests.swift */ = {isa = PBXFileReference; lastKnownFileType = sourcecode.swift; path = PostsVCTests.swift; sourceTree = "<group>"; };
/* End PBXFileReference section */

/* Begin PBXFrameworksBuildPhase section */
		6D03A0EB255B622F0027C1A4 /* Frameworks */ = {
			isa = PBXFrameworksBuildPhase;
			buildActionMask = 2147483647;
			files = (
			);
			runOnlyForDeploymentPostprocessing = 0;
		};
		6D03A101255B62300027C1A4 /* Frameworks */ = {
			isa = PBXFrameworksBuildPhase;
			buildActionMask = 2147483647;
			files = (
			);
			runOnlyForDeploymentPostprocessing = 0;
		};
		6D03A10C255B62300027C1A4 /* Frameworks */ = {
			isa = PBXFrameworksBuildPhase;
			buildActionMask = 2147483647;
			files = (
			);
			runOnlyForDeploymentPostprocessing = 0;
		};
/* End PBXFrameworksBuildPhase section */

/* Begin PBXGroup section */
		6D03A0E5255B622F0027C1A4 = {
			isa = PBXGroup;
			children = (
				6D03A0F0255B622F0027C1A4 /* Redditor */,
				6D03A107255B62300027C1A4 /* RedditorTests */,
				6D03A112255B62300027C1A4 /* RedditorUITests */,
				6D03A0EF255B622F0027C1A4 /* Products */,
			);
			sourceTree = "<group>";
		};
		6D03A0EF255B622F0027C1A4 /* Products */ = {
			isa = PBXGroup;
			children = (
				6D03A0EE255B622F0027C1A4 /* Redditor.app */,
				6D03A104255B62300027C1A4 /* RedditorTests.xctest */,
				6D03A10F255B62300027C1A4 /* RedditorUITests.xctest */,
			);
			name = Products;
			sourceTree = "<group>";
		};
		6D03A0F0255B622F0027C1A4 /* Redditor */ = {
			isa = PBXGroup;
			children = (
				6D03A140255B656F0027C1A4 /* Networking */,
				6D03A13A255B637C0027C1A4 /* Models */,
				6D03A12A255B626E0027C1A4 /* Views */,
				6D03A0F1255B622F0027C1A4 /* AppDelegate.swift */,
				6D03A0F3255B622F0027C1A4 /* SceneDelegate.swift */,
				6D03A0FA255B62300027C1A4 /* Assets.xcassets */,
				6D03A0FC255B62300027C1A4 /* LaunchScreen.storyboard */,
				6D03A0FF255B62300027C1A4 /* Info.plist */,
				6D3B9C572563F5DA00E42626 /* UIViewControllerExtension.swift */,
			);
			path = Redditor;
			sourceTree = "<group>";
		};
		6D03A107255B62300027C1A4 /* RedditorTests */ = {
			isa = PBXGroup;
			children = (
				6D03A108255B62300027C1A4 /* RedditorTests.swift */,
				6D03A10A255B62300027C1A4 /* Info.plist */,
				6DCE263525673F5C002AEA60 /* DrawerLogicTests.swift */,
				6DCE263A256743B0002AEA60 /* PostsVCTests.swift */,
			);
			path = RedditorTests;
			sourceTree = "<group>";
		};
		6D03A112255B62300027C1A4 /* RedditorUITests */ = {
			isa = PBXGroup;
			children = (
				6D03A113255B62300027C1A4 /* RedditorUITests.swift */,
				6D03A115255B62300027C1A4 /* Info.plist */,
			);
			path = RedditorUITests;
			sourceTree = "<group>";
		};
		6D03A12A255B626E0027C1A4 /* Views */ = {
			isa = PBXGroup;
			children = (
				6D03A12B255B62D00027C1A4 /* ListViewController.swift */,
				6D03A130255B632B0027C1A4 /* PostsTableViewController.swift */,
				6D03A135255B63570027C1A4 /* DrawerViewController.swift */,
			);
			path = Views;
			sourceTree = "<group>";
		};
		6D03A13A255B637C0027C1A4 /* Models */ = {
			isa = PBXGroup;
			children = (
				6D03A13B255B64C90027C1A4 /* Models.swift */,
			);
			path = Models;
			sourceTree = "<group>";
		};
		6D03A140255B656F0027C1A4 /* Networking */ = {
			isa = PBXGroup;
			children = (
				6D03A141255B65980027C1A4 /* Client.swift */,
			);
			path = Networking;
			sourceTree = "<group>";
		};
/* End PBXGroup section */

/* Begin PBXNativeTarget section */
		6D03A0ED255B622F0027C1A4 /* Redditor */ = {
			isa = PBXNativeTarget;
			buildConfigurationList = 6D03A118255B62300027C1A4 /* Build configuration list for PBXNativeTarget "Redditor" */;
			buildPhases = (
				6D03A0EA255B622F0027C1A4 /* Sources */,
				6D03A0EB255B622F0027C1A4 /* Frameworks */,
				6D03A0EC255B622F0027C1A4 /* Resources */,
			);
			buildRules = (
			);
			dependencies = (
			);
			name = Redditor;
			productName = Redditor;
			productReference = 6D03A0EE255B622F0027C1A4 /* Redditor.app */;
			productType = "com.apple.product-type.application";
		};
		6D03A103255B62300027C1A4 /* RedditorTests */ = {
			isa = PBXNativeTarget;
			buildConfigurationList = 6D03A11B255B62300027C1A4 /* Build configuration list for PBXNativeTarget "RedditorTests" */;
			buildPhases = (
				6D03A100255B62300027C1A4 /* Sources */,
				6D03A101255B62300027C1A4 /* Frameworks */,
				6D03A102255B62300027C1A4 /* Resources */,
			);
			buildRules = (
			);
			dependencies = (
				6D03A106255B62300027C1A4 /* PBXTargetDependency */,
			);
			name = RedditorTests;
			productName = RedditorTests;
			productReference = 6D03A104255B62300027C1A4 /* RedditorTests.xctest */;
			productType = "com.apple.product-type.bundle.unit-test";
		};
		6D03A10E255B62300027C1A4 /* RedditorUITests */ = {
			isa = PBXNativeTarget;
			buildConfigurationList = 6D03A11E255B62300027C1A4 /* Build configuration list for PBXNativeTarget "RedditorUITests" */;
			buildPhases = (
				6D03A10B255B62300027C1A4 /* Sources */,
				6D03A10C255B62300027C1A4 /* Frameworks */,
				6D03A10D255B62300027C1A4 /* Resources */,
			);
			buildRules = (
			);
			dependencies = (
				6D03A111255B62300027C1A4 /* PBXTargetDependency */,
			);
			name = RedditorUITests;
			productName = RedditorUITests;
			productReference = 6D03A10F255B62300027C1A4 /* RedditorUITests.xctest */;
			productType = "com.apple.product-type.bundle.ui-testing";
		};
/* End PBXNativeTarget section */

/* Begin PBXProject section */
		6D03A0E6255B622F0027C1A4 /* Project object */ = {
			isa = PBXProject;
			attributes = {
				LastSwiftUpdateCheck = 1210;
				LastUpgradeCheck = 1210;
				TargetAttributes = {
					6D03A0ED255B622F0027C1A4 = {
						CreatedOnToolsVersion = 12.1;
					};
					6D03A103255B62300027C1A4 = {
						CreatedOnToolsVersion = 12.1;
						TestTargetID = 6D03A0ED255B622F0027C1A4;
					};
					6D03A10E255B62300027C1A4 = {
						CreatedOnToolsVersion = 12.1;
						TestTargetID = 6D03A0ED255B622F0027C1A4;
					};
				};
			};
			buildConfigurationList = 6D03A0E9255B622F0027C1A4 /* Build configuration list for PBXProject "Redditor" */;
			compatibilityVersion = "Xcode 9.3";
			developmentRegion = en;
			hasScannedForEncodings = 0;
			knownRegions = (
				en,
				Base,
			);
			mainGroup = 6D03A0E5255B622F0027C1A4;
			productRefGroup = 6D03A0EF255B622F0027C1A4 /* Products */;
			projectDirPath = "";
			projectRoot = "";
			targets = (
				6D03A0ED255B622F0027C1A4 /* Redditor */,
				6D03A103255B62300027C1A4 /* RedditorTests */,
				6D03A10E255B62300027C1A4 /* RedditorUITests */,
			);
		};
/* End PBXProject section */

/* Begin PBXResourcesBuildPhase section */
		6D03A0EC255B622F0027C1A4 /* Resources */ = {
			isa = PBXResourcesBuildPhase;
			buildActionMask = 2147483647;
			files = (
				6D03A0FE255B62300027C1A4 /* LaunchScreen.storyboard in Resources */,
				6D03A0FB255B62300027C1A4 /* Assets.xcassets in Resources */,
			);
			runOnlyForDeploymentPostprocessing = 0;
		};
		6D03A102255B62300027C1A4 /* Resources */ = {
			isa = PBXResourcesBuildPhase;
			buildActionMask = 2147483647;
			files = (
			);
			runOnlyForDeploymentPostprocessing = 0;
		};
		6D03A10D255B62300027C1A4 /* Resources */ = {
			isa = PBXResourcesBuildPhase;
			buildActionMask = 2147483647;
			files = (
			);
			runOnlyForDeploymentPostprocessing = 0;
		};
/* End PBXResourcesBuildPhase section */

/* Begin PBXSourcesBuildPhase section */
		6D03A0EA255B622F0027C1A4 /* Sources */ = {
			isa = PBXSourcesBuildPhase;
			buildActionMask = 2147483647;
			files = (
				6D03A0F2255B622F0027C1A4 /* AppDelegate.swift in Sources */,
				6D03A142255B65980027C1A4 /* Client.swift in Sources */,
				6D03A131255B632B0027C1A4 /* PostsTableViewController.swift in Sources */,
				6D03A136255B63570027C1A4 /* DrawerViewController.swift in Sources */,
				6D3B9C582563F5DA00E42626 /* UIViewControllerExtension.swift in Sources */,
				6D03A13C255B64C90027C1A4 /* Models.swift in Sources */,
				6D03A0F4255B622F0027C1A4 /* SceneDelegate.swift in Sources */,
				6D03A12C255B62D00027C1A4 /* ListViewController.swift in Sources */,
			);
			runOnlyForDeploymentPostprocessing = 0;
		};
		6D03A100255B62300027C1A4 /* Sources */ = {
			isa = PBXSourcesBuildPhase;
			buildActionMask = 2147483647;
			files = (
				6D03A109255B62300027C1A4 /* RedditorTests.swift in Sources */,
				6DCE263625673F5C002AEA60 /* DrawerLogicTests.swift in Sources */,
				6DCE263B256743B0002AEA60 /* PostsVCTests.swift in Sources */,
			);
			runOnlyForDeploymentPostprocessing = 0;
		};
		6D03A10B255B62300027C1A4 /* Sources */ = {
			isa = PBXSourcesBuildPhase;
			buildActionMask = 2147483647;
			files = (
				6D03A114255B62300027C1A4 /* RedditorUITests.swift in Sources */,
			);
			runOnlyForDeploymentPostprocessing = 0;
		};
/* End PBXSourcesBuildPhase section */

/* Begin PBXTargetDependency section */
		6D03A106255B62300027C1A4 /* PBXTargetDependency */ = {
			isa = PBXTargetDependency;
			target = 6D03A0ED255B622F0027C1A4 /* Redditor */;
			targetProxy = 6D03A105255B62300027C1A4 /* PBXContainerItemProxy */;
		};
		6D03A111255B62300027C1A4 /* PBXTargetDependency */ = {
			isa = PBXTargetDependency;
			target = 6D03A0ED255B622F0027C1A4 /* Redditor */;
			targetProxy = 6D03A110255B62300027C1A4 /* PBXContainerItemProxy */;
		};
/* End PBXTargetDependency section */

/* Begin PBXVariantGroup section */
		6D03A0FC255B62300027C1A4 /* LaunchScreen.storyboard */ = {
			isa = PBXVariantGroup;
			children = (
				6D03A0FD255B62300027C1A4 /* Base */,
			);
			name = LaunchScreen.storyboard;
			sourceTree = "<group>";
		};
/* End PBXVariantGroup section */

/* Begin XCBuildConfiguration section */
		6D03A116255B62300027C1A4 /* Debug */ = {
			isa = XCBuildConfiguration;
			buildSettings = {
				ALWAYS_SEARCH_USER_PATHS = NO;
				CLANG_ANALYZER_NONNULL = YES;
				CLANG_ANALYZER_NUMBER_OBJECT_CONVERSION = YES_AGGRESSIVE;
				CLANG_CXX_LANGUAGE_STANDARD = "gnu++14";
				CLANG_CXX_LIBRARY = "libc++";
				CLANG_ENABLE_MODULES = YES;
				CLANG_ENABLE_OBJC_ARC = YES;
				CLANG_ENABLE_OBJC_WEAK = YES;
				CLANG_WARN_BLOCK_CAPTURE_AUTORELEASING = YES;
				CLANG_WARN_BOOL_CONVERSION = YES;
				CLANG_WARN_COMMA = YES;
				CLANG_WARN_CONSTANT_CONVERSION = YES;
				CLANG_WARN_DEPRECATED_OBJC_IMPLEMENTATIONS = YES;
				CLANG_WARN_DIRECT_OBJC_ISA_USAGE = YES_ERROR;
				CLANG_WARN_DOCUMENTATION_COMMENTS = YES;
				CLANG_WARN_EMPTY_BODY = YES;
				CLANG_WARN_ENUM_CONVERSION = YES;
				CLANG_WARN_INFINITE_RECURSION = YES;
				CLANG_WARN_INT_CONVERSION = YES;
				CLANG_WARN_NON_LITERAL_NULL_CONVERSION = YES;
				CLANG_WARN_OBJC_IMPLICIT_RETAIN_SELF = YES;
				CLANG_WARN_OBJC_LITERAL_CONVERSION = YES;
				CLANG_WARN_OBJC_ROOT_CLASS = YES_ERROR;
				CLANG_WARN_QUOTED_INCLUDE_IN_FRAMEWORK_HEADER = YES;
				CLANG_WARN_RANGE_LOOP_ANALYSIS = YES;
				CLANG_WARN_STRICT_PROTOTYPES = YES;
				CLANG_WARN_SUSPICIOUS_MOVE = YES;
				CLANG_WARN_UNGUARDED_AVAILABILITY = YES_AGGRESSIVE;
				CLANG_WARN_UNREACHABLE_CODE = YES;
				CLANG_WARN__DUPLICATE_METHOD_MATCH = YES;
				COPY_PHASE_STRIP = NO;
				DEBUG_INFORMATION_FORMAT = dwarf;
				ENABLE_STRICT_OBJC_MSGSEND = YES;
				ENABLE_TESTABILITY = YES;
				GCC_C_LANGUAGE_STANDARD = gnu11;
				GCC_DYNAMIC_NO_PIC = NO;
				GCC_NO_COMMON_BLOCKS = YES;
				GCC_OPTIMIZATION_LEVEL = 0;
				GCC_PREPROCESSOR_DEFINITIONS = (
					"DEBUG=1",
					"$(inherited)",
				);
				GCC_WARN_64_TO_32_BIT_CONVERSION = YES;
				GCC_WARN_ABOUT_RETURN_TYPE = YES_ERROR;
				GCC_WARN_UNDECLARED_SELECTOR = YES;
				GCC_WARN_UNINITIALIZED_AUTOS = YES_AGGRESSIVE;
				GCC_WARN_UNUSED_FUNCTION = YES;
				GCC_WARN_UNUSED_VARIABLE = YES;
				IPHONEOS_DEPLOYMENT_TARGET = 14.1;
				MTL_ENABLE_DEBUG_INFO = INCLUDE_SOURCE;
				MTL_FAST_MATH = YES;
				ONLY_ACTIVE_ARCH = YES;
				SDKROOT = iphoneos;
				SWIFT_ACTIVE_COMPILATION_CONDITIONS = DEBUG;
				SWIFT_OPTIMIZATION_LEVEL = "-Onone";
			};
			name = Debug;
		};
		6D03A117255B62300027C1A4 /* Release */ = {
			isa = XCBuildConfiguration;
			buildSettings = {
				ALWAYS_SEARCH_USER_PATHS = NO;
				CLANG_ANALYZER_NONNULL = YES;
				CLANG_ANALYZER_NUMBER_OBJECT_CONVERSION = YES_AGGRESSIVE;
				CLANG_CXX_LANGUAGE_STANDARD = "gnu++14";
				CLANG_CXX_LIBRARY = "libc++";
				CLANG_ENABLE_MODULES = YES;
				CLANG_ENABLE_OBJC_ARC = YES;
				CLANG_ENABLE_OBJC_WEAK = YES;
				CLANG_WARN_BLOCK_CAPTURE_AUTORELEASING = YES;
				CLANG_WARN_BOOL_CONVERSION = YES;
				CLANG_WARN_COMMA = YES;
				CLANG_WARN_CONSTANT_CONVERSION = YES;
				CLANG_WARN_DEPRECATED_OBJC_IMPLEMENTATIONS = YES;
				CLANG_WARN_DIRECT_OBJC_ISA_USAGE = YES_ERROR;
				CLANG_WARN_DOCUMENTATION_COMMENTS = YES;
				CLANG_WARN_EMPTY_BODY = YES;
				CLANG_WARN_ENUM_CONVERSION = YES;
				CLANG_WARN_INFINITE_RECURSION = YES;
				CLANG_WARN_INT_CONVERSION = YES;
				CLANG_WARN_NON_LITERAL_NULL_CONVERSION = YES;
				CLANG_WARN_OBJC_IMPLICIT_RETAIN_SELF = YES;
				CLANG_WARN_OBJC_LITERAL_CONVERSION = YES;
				CLANG_WARN_OBJC_ROOT_CLASS = YES_ERROR;
				CLANG_WARN_QUOTED_INCLUDE_IN_FRAMEWORK_HEADER = YES;
				CLANG_WARN_RANGE_LOOP_ANALYSIS = YES;
				CLANG_WARN_STRICT_PROTOTYPES = YES;
				CLANG_WARN_SUSPICIOUS_MOVE = YES;
				CLANG_WARN_UNGUARDED_AVAILABILITY = YES_AGGRESSIVE;
				CLANG_WARN_UNREACHABLE_CODE = YES;
				CLANG_WARN__DUPLICATE_METHOD_MATCH = YES;
				COPY_PHASE_STRIP = NO;
				DEBUG_INFORMATION_FORMAT = "dwarf-with-dsym";
				ENABLE_NS_ASSERTIONS = NO;
				ENABLE_STRICT_OBJC_MSGSEND = YES;
				GCC_C_LANGUAGE_STANDARD = gnu11;
				GCC_NO_COMMON_BLOCKS = YES;
				GCC_WARN_64_TO_32_BIT_CONVERSION = YES;
				GCC_WARN_ABOUT_RETURN_TYPE = YES_ERROR;
				GCC_WARN_UNDECLARED_SELECTOR = YES;
				GCC_WARN_UNINITIALIZED_AUTOS = YES_AGGRESSIVE;
				GCC_WARN_UNUSED_FUNCTION = YES;
				GCC_WARN_UNUSED_VARIABLE = YES;
				IPHONEOS_DEPLOYMENT_TARGET = 14.1;
				MTL_ENABLE_DEBUG_INFO = NO;
				MTL_FAST_MATH = YES;
				SDKROOT = iphoneos;
				SWIFT_COMPILATION_MODE = wholemodule;
				SWIFT_OPTIMIZATION_LEVEL = "-O";
				VALIDATE_PRODUCT = YES;
			};
			name = Release;
		};
		6D03A119255B62300027C1A4 /* Debug */ = {
			isa = XCBuildConfiguration;
			buildSettings = {
				ASSETCATALOG_COMPILER_APPICON_NAME = AppIcon;
				ASSETCATALOG_COMPILER_GLOBAL_ACCENT_COLOR_NAME = AccentColor;
				CODE_SIGN_STYLE = Automatic;
				DEVELOPMENT_TEAM = 3Z4ZDG98FM;
				INFOPLIST_FILE = Redditor/Info.plist;
				LD_RUNPATH_SEARCH_PATHS = (
					"$(inherited)",
					"@executable_path/Frameworks",
				);
				PRODUCT_BUNDLE_IDENTIFIER = com.mattdias.Redditor;
				PRODUCT_NAME = "$(TARGET_NAME)";
				SWIFT_VERSION = 5.0;
				TARGETED_DEVICE_FAMILY = 1;
			};
			name = Debug;
		};
		6D03A11A255B62300027C1A4 /* Release */ = {
			isa = XCBuildConfiguration;
			buildSettings = {
				ASSETCATALOG_COMPILER_APPICON_NAME = AppIcon;
				ASSETCATALOG_COMPILER_GLOBAL_ACCENT_COLOR_NAME = AccentColor;
				CODE_SIGN_STYLE = Automatic;
				DEVELOPMENT_TEAM = 3Z4ZDG98FM;
				INFOPLIST_FILE = Redditor/Info.plist;
				LD_RUNPATH_SEARCH_PATHS = (
					"$(inherited)",
					"@executable_path/Frameworks",
				);
				PRODUCT_BUNDLE_IDENTIFIER = com.mattdias.Redditor;
				PRODUCT_NAME = "$(TARGET_NAME)";
				SWIFT_VERSION = 5.0;
				TARGETED_DEVICE_FAMILY = 1;
			};
			name = Release;
		};
		6D03A11C255B62300027C1A4 /* Debug */ = {
			isa = XCBuildConfiguration;
			buildSettings = {
				ALWAYS_EMBED_SWIFT_STANDARD_LIBRARIES = YES;
				BUNDLE_LOADER = "$(TEST_HOST)";
				CODE_SIGN_STYLE = Automatic;
				DEVELOPMENT_TEAM = 3Z4ZDG98FM;
				INFOPLIST_FILE = RedditorTests/Info.plist;
				IPHONEOS_DEPLOYMENT_TARGET = 14.1;
				LD_RUNPATH_SEARCH_PATHS = (
					"$(inherited)",
					"@executable_path/Frameworks",
					"@loader_path/Frameworks",
				);
				PRODUCT_BUNDLE_IDENTIFIER = com.mattdias.RedditorTests;
				PRODUCT_NAME = "$(TARGET_NAME)";
				SWIFT_VERSION = 5.0;
				TARGETED_DEVICE_FAMILY = "1,2";
				TEST_HOST = "$(BUILT_PRODUCTS_DIR)/Redditor.app/Redditor";
			};
			name = Debug;
		};
		6D03A11D255B62300027C1A4 /* Release */ = {
			isa = XCBuildConfiguration;
			buildSettings = {
				ALWAYS_EMBED_SWIFT_STANDARD_LIBRARIES = YES;
				BUNDLE_LOADER = "$(TEST_HOST)";
				CODE_SIGN_STYLE = Automatic;
				DEVELOPMENT_TEAM = 3Z4ZDG98FM;
				INFOPLIST_FILE = RedditorTests/Info.plist;
				IPHONEOS_DEPLOYMENT_TARGET = 14.1;
				LD_RUNPATH_SEARCH_PATHS = (
					"$(inherited)",
					"@executable_path/Frameworks",
					"@loader_path/Frameworks",
				);
				PRODUCT_BUNDLE_IDENTIFIER = com.mattdias.RedditorTests;
				PRODUCT_NAME = "$(TARGET_NAME)";
				SWIFT_VERSION = 5.0;
				TARGETED_DEVICE_FAMILY = "1,2";
				TEST_HOST = "$(BUILT_PRODUCTS_DIR)/Redditor.app/Redditor";
			};
			name = Release;
		};
		6D03A11F255B62300027C1A4 /* Debug */ = {
			isa = XCBuildConfiguration;
			buildSettings = {
				ALWAYS_EMBED_SWIFT_STANDARD_LIBRARIES = YES;
				CODE_SIGN_STYLE = Automatic;
				DEVELOPMENT_TEAM = 3Z4ZDG98FM;
				INFOPLIST_FILE = RedditorUITests/Info.plist;
				LD_RUNPATH_SEARCH_PATHS = (
					"$(inherited)",
					"@executable_path/Frameworks",
					"@loader_path/Frameworks",
				);
				PRODUCT_BUNDLE_IDENTIFIER = com.mattdias.RedditorUITests;
				PRODUCT_NAME = "$(TARGET_NAME)";
				SWIFT_VERSION = 5.0;
				TARGETED_DEVICE_FAMILY = "1,2";
				TEST_TARGET_NAME = Redditor;
			};
			name = Debug;
		};
		6D03A120255B62300027C1A4 /* Release */ = {
			isa = XCBuildConfiguration;
			buildSettings = {
				ALWAYS_EMBED_SWIFT_STANDARD_LIBRARIES = YES;
				CODE_SIGN_STYLE = Automatic;
				DEVELOPMENT_TEAM = 3Z4ZDG98FM;
				INFOPLIST_FILE = RedditorUITests/Info.plist;
				LD_RUNPATH_SEARCH_PATHS = (
					"$(inherited)",
					"@executable_path/Frameworks",
					"@loader_path/Frameworks",
				);
				PRODUCT_BUNDLE_IDENTIFIER = com.mattdias.RedditorUITests;
				PRODUCT_NAME = "$(TARGET_NAME)";
				SWIFT_VERSION = 5.0;
				TARGETED_DEVICE_FAMILY = "1,2";
				TEST_TARGET_NAME = Redditor;
			};
			name = Release;
		};
/* End XCBuildConfiguration section */

/* Begin XCConfigurationList section */
		6D03A0E9255B622F0027C1A4 /* Build configuration list for PBXProject "Redditor" */ = {
			isa = XCConfigurationList;
			buildConfigurations = (
				6D03A116255B62300027C1A4 /* Debug */,
				6D03A117255B62300027C1A4 /* Release */,
			);
			defaultConfigurationIsVisible = 0;
			defaultConfigurationName = Release;
		};
		6D03A118255B62300027C1A4 /* Build configuration list for PBXNativeTarget "Redditor" */ = {
			isa = XCConfigurationList;
			buildConfigurations = (
				6D03A119255B62300027C1A4 /* Debug */,
				6D03A11A255B62300027C1A4 /* Release */,
			);
			defaultConfigurationIsVisible = 0;
			defaultConfigurationName = Release;
		};
		6D03A11B255B62300027C1A4 /* Build configuration list for PBXNativeTarget "RedditorTests" */ = {
			isa = XCConfigurationList;
			buildConfigurations = (
				6D03A11C255B62300027C1A4 /* Debug */,
				6D03A11D255B62300027C1A4 /* Release */,
			);
			defaultConfigurationIsVisible = 0;
			defaultConfigurationName = Release;
		};
		6D03A11E255B62300027C1A4 /* Build configuration list for PBXNativeTarget "RedditorUITests" */ = {
			isa = XCConfigurationList;
			buildConfigurations = (
				6D03A11F255B62300027C1A4 /* Debug */,
				6D03A120255B62300027C1A4 /* Release */,
			);
			defaultConfigurationIsVisible = 0;
			defaultConfigurationName = Release;
		};
/* End XCConfigurationList section */
	};
	rootObject = 6D03A0E6255B622F0027C1A4 /* Project object */;
}
